
Microsoft Visual Studio Solution File, Format Version 12.00
# Visual Studio 14
VisualStudioVersion = 14.0.25420.1
MinimumVisualStudioVersion = 10.0.40219.1
Project("{FAE04EC0-301F-11D3-BF4B-00C04F79EFBC}") = "Crystal.Data", "Crystal.Data\Crystal.Data.csproj", "{E521C8C2-8B4B-4269-92E1-31A0D0557D1A}"
EndProject
Project("{FAE04EC0-301F-11D3-BF4B-00C04F79EFBC}") = "Crystal.Data.UnitTests", "Crystal.Data.UnitTests\Crystal.Data.UnitTests.csproj", "{540A83C4-89E1-4577-97C3-9EDBF6716C7C}"
EndProject
Project("{FAE04EC0-301F-11D3-BF4B-00C04F79EFBC}") = "Crystal.Meta", "Crystal.Meta\Crystal.Meta.csproj", "{139723AE-43CA-4930-885B-75DBCE94FBF2}"
EndProject
Project("{FAE04EC0-301F-11D3-BF4B-00C04F79EFBC}") = "Crystal.Core", "Crystal.Core\Crystal.Core.csproj", "{E3DB60A1-79AE-4D86-B7C1-8D5E7A312DD0}"
EndProject
Project("{2150E333-8FDC-42A3-9474-1A3956D46DE8}") = "Data", "Data", "{1337B3B1-A61B-4486-A97B-DA63A3B11204}"
EndProject
Project("{2150E333-8FDC-42A3-9474-1A3956D46DE8}") = "Core", "Core", "{8BC716DC-8A92-4060-A5EC-1690B525C1A8}"
EndProject
Project("{2150E333-8FDC-42A3-9474-1A3956D46DE8}") = "Profiler", "Profiler", "{CBCB81EC-DD5E-4FFD-8CA1-1246E4DB3745}"
EndProject
Project("{2150E333-8FDC-42A3-9474-1A3956D46DE8}") = "Meta", "Meta", "{94872F22-B8BF-445C-8CC9-BBE95D8650D9}"
EndProject
Project("{2150E333-8FDC-42A3-9474-1A3956D46DE8}") = "Web", "Web", "{4FEE876F-5FEF-47C0-A6F8-C7E72C4C1C9E}"
EndProject
Project("{FAE04EC0-301F-11D3-BF4B-00C04F79EFBC}") = "Crystal.Profiler.Data", "Crystal.Profiler.Data\Crystal.Profiler.Data.csproj", "{4BDF06FE-CE8F-4A6D-9F0F-199C5F0C489E}"
EndProject
Project("{FAE04EC0-301F-11D3-BF4B-00C04F79EFBC}") = "Crystal.Profiler.Adapter", "Profiler\Crystal.Profiler.Adapter\Crystal.Profiler.Adapter.csproj", "{4180CA9B-6F4C-48A7-ABB2-575A5451EF04}"
EndProject
Project("{2150E333-8FDC-42A3-9474-1A3956D46DE8}") = "Ocr", "Ocr", "{C4F3F51A-B35F-47EE-BC95-A4BD50E79552}"
EndProject
Project("{FAE04EC0-301F-11D3-BF4B-00C04F79EFBC}") = "Crystal.Ocr.Data", "Crystal.Ocr.Data\Crystal.Ocr.Data.csproj", "{E1BC2E19-5405-4D17-AA82-FA4748ADFBFD}"
EndProject
Project("{FAE04EC0-301F-11D3-BF4B-00C04F79EFBC}") = "Crystal.Profiler.Adapter.FileSystem", "Profiler\Crystal.Profiler.Adapter.FileSystem\Crystal.Profiler.Adapter.FileSystem.csproj", "{3CC70580-14D6-4F49-9C86-978C0A3F021D}"
EndProject
Project("{FAE04EC0-301F-11D3-BF4B-00C04F79EFBC}") = "Crystal.Profiler.Adapter.FileSystem.UnitTests", "Profiler\Crystal.Profiler.Adapter.FileSystem.UnitTests\Crystal.Profiler.Adapter.FileSystem.UnitTests.csproj", "{47E585FD-C6E5-48AA-B6EA-828DCB1C6DC4}"
EndProject
Project("{FAE04EC0-301F-11D3-BF4B-00C04F79EFBC}") = "Crystal.Profiler.Provider", "Crystal.Profiler.Provider\Crystal.Profiler.Provider.csproj", "{2CD0FDDE-6149-466B-9E71-96D7635AFD64}"
EndProject
Global
	GlobalSection(SolutionConfigurationPlatforms) = preSolution
		Debug|Any CPU = Debug|Any CPU
		Release|Any CPU = Release|Any CPU
	EndGlobalSection
	GlobalSection(ProjectConfigurationPlatforms) = postSolution
		{E521C8C2-8B4B-4269-92E1-31A0D0557D1A}.Debug|Any CPU.ActiveCfg = Debug|Any CPU
		{E521C8C2-8B4B-4269-92E1-31A0D0557D1A}.Debug|Any CPU.Build.0 = Debug|Any CPU
		{E521C8C2-8B4B-4269-92E1-31A0D0557D1A}.Release|Any CPU.ActiveCfg = Release|Any CPU
		{E521C8C2-8B4B-4269-92E1-31A0D0557D1A}.Release|Any CPU.Build.0 = Release|Any CPU
		{540A83C4-89E1-4577-97C3-9EDBF6716C7C}.Debug|Any CPU.ActiveCfg = Debug|Any CPU
		{540A83C4-89E1-4577-97C3-9EDBF6716C7C}.Debug|Any CPU.Build.0 = Debug|Any CPU
		{540A83C4-89E1-4577-97C3-9EDBF6716C7C}.Release|Any CPU.ActiveCfg = Release|Any CPU
		{540A83C4-89E1-4577-97C3-9EDBF6716C7C}.Release|Any CPU.Build.0 = Release|Any CPU
		{139723AE-43CA-4930-885B-75DBCE94FBF2}.Debug|Any CPU.ActiveCfg = Debug|Any CPU
		{139723AE-43CA-4930-885B-75DBCE94FBF2}.Debug|Any CPU.Build.0 = Debug|Any CPU
		{139723AE-43CA-4930-885B-75DBCE94FBF2}.Release|Any CPU.ActiveCfg = Release|Any CPU
		{139723AE-43CA-4930-885B-75DBCE94FBF2}.Release|Any CPU.Build.0 = Release|Any CPU
		{E3DB60A1-79AE-4D86-B7C1-8D5E7A312DD0}.Debug|Any CPU.ActiveCfg = Debug|Any CPU
		{E3DB60A1-79AE-4D86-B7C1-8D5E7A312DD0}.Debug|Any CPU.Build.0 = Debug|Any CPU
		{E3DB60A1-79AE-4D86-B7C1-8D5E7A312DD0}.Release|Any CPU.ActiveCfg = Release|Any CPU
		{E3DB60A1-79AE-4D86-B7C1-8D5E7A312DD0}.Release|Any CPU.Build.0 = Release|Any CPU
		{4BDF06FE-CE8F-4A6D-9F0F-199C5F0C489E}.Debug|Any CPU.ActiveCfg = Debug|Any CPU
		{4BDF06FE-CE8F-4A6D-9F0F-199C5F0C489E}.Debug|Any CPU.Build.0 = Debug|Any CPU
		{4BDF06FE-CE8F-4A6D-9F0F-199C5F0C489E}.Release|Any CPU.ActiveCfg = Release|Any CPU
		{4BDF06FE-CE8F-4A6D-9F0F-199C5F0C489E}.Release|Any CPU.Build.0 = Release|Any CPU
		{4180CA9B-6F4C-48A7-ABB2-575A5451EF04}.Debug|Any CPU.ActiveCfg = Debug|Any CPU
		{4180CA9B-6F4C-48A7-ABB2-575A5451EF04}.Debug|Any CPU.Build.0 = Debug|Any CPU
		{4180CA9B-6F4C-48A7-ABB2-575A5451EF04}.Release|Any CPU.ActiveCfg = Release|Any CPU
		{4180CA9B-6F4C-48A7-ABB2-575A5451EF04}.Release|Any CPU.Build.0 = Release|Any CPU
		{E1BC2E19-5405-4D17-AA82-FA4748ADFBFD}.Debug|Any CPU.ActiveCfg = Debug|Any CPU
		{E1BC2E19-5405-4D17-AA82-FA4748ADFBFD}.Debug|Any CPU.Build.0 = Debug|Any CPU
		{E1BC2E19-5405-4D17-AA82-FA4748ADFBFD}.Release|Any CPU.ActiveCfg = Release|Any CPU
		{E1BC2E19-5405-4D17-AA82-FA4748ADFBFD}.Release|Any CPU.Build.0 = Release|Any CPU
		{3CC70580-14D6-4F49-9C86-978C0A3F021D}.Debug|Any CPU.ActiveCfg = Debug|Any CPU
		{3CC70580-14D6-4F49-9C86-978C0A3F021D}.Debug|Any CPU.Build.0 = Debug|Any CPU
		{3CC70580-14D6-4F49-9C86-978C0A3F021D}.Release|Any CPU.ActiveCfg = Release|Any CPU
		{3CC70580-14D6-4F49-9C86-978C0A3F021D}.Release|Any CPU.Build.0 = Release|Any CPU
		{47E585FD-C6E5-48AA-B6EA-828DCB1C6DC4}.Debug|Any CPU.ActiveCfg = Debug|Any CPU
		{47E585FD-C6E5-48AA-B6EA-828DCB1C6DC4}.Debug|Any CPU.Build.0 = Debug|Any CPU
		{47E585FD-C6E5-48AA-B6EA-828DCB1C6DC4}.Release|Any CPU.ActiveCfg = Release|Any CPU
		{47E585FD-C6E5-48AA-B6EA-828DCB1C6DC4}.Release|Any CPU.Build.0 = Release|Any CPU
		{2CD0FDDE-6149-466B-9E71-96D7635AFD64}.Debug|Any CPU.ActiveCfg = Debug|Any CPU
		{2CD0FDDE-6149-466B-9E71-96D7635AFD64}.Debug|Any CPU.Build.0 = Debug|Any CPU
		{2CD0FDDE-6149-466B-9E71-96D7635AFD64}.Release|Any CPU.ActiveCfg = Release|Any CPU
		{2CD0FDDE-6149-466B-9E71-96D7635AFD64}.Release|Any CPU.Build.0 = Release|Any CPU
	EndGlobalSection
	GlobalSection(SolutionProperties) = preSolution
		HideSolutionNode = FALSE
	EndGlobalSection
	GlobalSection(NestedProjects) = preSolution
		{E521C8C2-8B4B-4269-92E1-31A0D0557D1A} = {1337B3B1-A61B-4486-A97B-DA63A3B11204}
		{540A83C4-89E1-4577-97C3-9EDBF6716C7C} = {1337B3B1-A61B-4486-A97B-DA63A3B11204}
		{139723AE-43CA-4930-885B-75DBCE94FBF2} = {94872F22-B8BF-445C-8CC9-BBE95D8650D9}
		{E3DB60A1-79AE-4D86-B7C1-8D5E7A312DD0} = {8BC716DC-8A92-4060-A5EC-1690B525C1A8}
		{4BDF06FE-CE8F-4A6D-9F0F-199C5F0C489E} = {CBCB81EC-DD5E-4FFD-8CA1-1246E4DB3745}
		{4180CA9B-6F4C-48A7-ABB2-575A5451EF04} = {CBCB81EC-DD5E-4FFD-8CA1-1246E4DB3745}
		{E1BC2E19-5405-4D17-AA82-FA4748ADFBFD} = {C4F3F51A-B35F-47EE-BC95-A4BD50E79552}
		{3CC70580-14D6-4F49-9C86-978C0A3F021D} = {CBCB81EC-DD5E-4FFD-8CA1-1246E4DB3745}
		{47E585FD-C6E5-48AA-B6EA-828DCB1C6DC4} = {CBCB81EC-DD5E-4FFD-8CA1-1246E4DB3745}
		{2CD0FDDE-6149-466B-9E71-96D7635AFD64} = {CBCB81EC-DD5E-4FFD-8CA1-1246E4DB3745}
	EndGlobalSection
EndGlobal
